
Microsoft Visual Studio Solution File, Format Version 12.00
# Visual Studio Version 17
VisualStudioVersion = 17.14.36310.24 d17.14
MinimumVisualStudioVersion = 10.0.40219.1
Project("{FAE04EC0-301F-11D3-BF4B-00C04F79EFBC}") = "CRM-YonetimSistemi", "CRM-YonetimSistemi\CRM-YonetimSistemi.csproj", "{ACB56EC3-7895-4423-8ED6-F2EA203CBBEE}"
EndProject
Global
	GlobalSection(SolutionConfigurationPlatforms) = preSolution
		Debug|Any CPU = Debug|Any CPU
		Release|Any CPU = Release|Any CPU
	EndGlobalSection
	GlobalSection(ProjectConfigurationPlatforms) = postSolution
		{ACB56EC3-7895-4423-8ED6-F2EA203CBBEE}.Debug|Any CPU.ActiveCfg = Debug|Any CPU
		{ACB56EC3-7895-4423-8ED6-F2EA203CBBEE}.Debug|Any CPU.Build.0 = Debug|Any CPU
		{ACB56EC3-7895-4423-8ED6-F2EA203CBBEE}.Release|Any CPU.ActiveCfg = Release|Any CPU
		{ACB56EC3-7895-4423-8ED6-F2EA203CBBEE}.Release|Any CPU.Build.0 = Release|Any CPU
	EndGlobalSection
	GlobalSection(SolutionProperties) = preSolution
		HideSolutionNode = FALSE
	EndGlobalSection
	GlobalSection(ExtensibilityGlobals) = postSolution
		SolutionGuid = {0CDD178F-5FAC-4357-91A3-CE82776FBD14}
	EndGlobalSection
EndGlobal
